// !$*UTF8*$!
{
	archiveVersion = 1;
	classes = {
	};
	objectVersion = 55;
	objects = {

/* Begin PBXBuildFile section */
		352811B0288CB08600CB9265 /* AppDelegate.swift in Sources */ = {isa = PBXBuildFile; fileRef = 352811AF288CB08600CB9265 /* AppDelegate.swift */; };
		352811B2288CB08600CB9265 /* SceneDelegate.swift in Sources */ = {isa = PBXBuildFile; fileRef = 352811B1288CB08600CB9265 /* SceneDelegate.swift */; };
		352811B4288CB08600CB9265 /* ViewController.swift in Sources */ = {isa = PBXBuildFile; fileRef = 352811B3288CB08600CB9265 /* ViewController.swift */; };
		352811B7288CB08600CB9265 /* Main.storyboard in Resources */ = {isa = PBXBuildFile; fileRef = 352811B5288CB08600CB9265 /* Main.storyboard */; };
		352811B9288CB08800CB9265 /* Assets.xcassets in Resources */ = {isa = PBXBuildFile; fileRef = 352811B8288CB08800CB9265 /* Assets.xcassets */; };
		352811BC288CB08800CB9265 /* LaunchScreen.storyboard in Resources */ = {isa = PBXBuildFile; fileRef = 352811BA288CB08800CB9265 /* LaunchScreen.storyboard */; };
		352811C7288CB08900CB9265 /* ExerciseTests.swift in Sources */ = {isa = PBXBuildFile; fileRef = 352811C6288CB08900CB9265 /* ExerciseTests.swift */; };
		352811D1288CB08900CB9265 /* ExerciseUITests.swift in Sources */ = {isa = PBXBuildFile; fileRef = 352811D0288CB08900CB9265 /* ExerciseUITests.swift */; };
		352811D3288CB08900CB9265 /* ExerciseUITestsLaunchTests.swift in Sources */ = {isa = PBXBuildFile; fileRef = 352811D2288CB08900CB9265 /* ExerciseUITestsLaunchTests.swift */; };
/* End PBXBuildFile section */

/* Begin PBXContainerItemProxy section */
		352811C3288CB08900CB9265 /* PBXContainerItemProxy */ = {
			isa = PBXContainerItemProxy;
			containerPortal = 352811A4288CB08600CB9265 /* Project object */;
			proxyType = 1;
			remoteGlobalIDString = 352811AB288CB08600CB9265;
			remoteInfo = Exercise;
		};
		352811CD288CB08900CB9265 /* PBXContainerItemProxy */ = {
			isa = PBXContainerItemProxy;
			containerPortal = 352811A4288CB08600CB9265 /* Project object */;
			proxyType = 1;
			remoteGlobalIDString = 352811AB288CB08600CB9265;
			remoteInfo = Exercise;
		};
/* End PBXContainerItemProxy section */

/* Begin PBXFileReference section */
		352811AC288CB08600CB9265 /* Exercise.app */ = {isa = PBXFileReference; explicitFileType = wrapper.application; includeInIndex = 0; path = Exercise.app; sourceTree = BUILT_PRODUCTS_DIR; };
		352811AF288CB08600CB9265 /* AppDelegate.swift */ = {isa = PBXFileReference; lastKnownFileType = sourcecode.swift; path = AppDelegate.swift; sourceTree = "<group>"; };
		352811B1288CB08600CB9265 /* SceneDelegate.swift */ = {isa = PBXFileReference; lastKnownFileType = sourcecode.swift; path = SceneDelegate.swift; sourceTree = "<group>"; };
		352811B3288CB08600CB9265 /* ViewController.swift */ = {isa = PBXFileReference; lastKnownFileType = sourcecode.swift; path = ViewController.swift; sourceTree = "<group>"; };
		352811B6288CB08600CB9265 /* Base */ = {isa = PBXFileReference; lastKnownFileType = file.storyboard; name = Base; path = Base.lproj/Main.storyboard; sourceTree = "<group>"; };
		352811B8288CB08800CB9265 /* Assets.xcassets */ = {isa = PBXFileReference; lastKnownFileType = folder.assetcatalog; path = Assets.xcassets; sourceTree = "<group>"; };
		352811BB288CB08800CB9265 /* Base */ = {isa = PBXFileReference; lastKnownFileType = file.storyboard; name = Base; path = Base.lproj/LaunchScreen.storyboard; sourceTree = "<group>"; };
		352811BD288CB08800CB9265 /* Info.plist */ = {isa = PBXFileReference; lastKnownFileType = text.plist.xml; path = Info.plist; sourceTree = "<group>"; };
		352811C2288CB08900CB9265 /* ExerciseTests.xctest */ = {isa = PBXFileReference; explicitFileType = wrapper.cfbundle; includeInIndex = 0; path = ExerciseTests.xctest; sourceTree = BUILT_PRODUCTS_DIR; };
		352811C6288CB08900CB9265 /* ExerciseTests.swift */ = {isa = PBXFileReference; lastKnownFileType = sourcecode.swift; path = ExerciseTests.swift; sourceTree = "<group>"; };
		352811CC288CB08900CB9265 /* ExerciseUITests.xctest */ = {isa = PBXFileReference; explicitFileType = wrapper.cfbundle; includeInIndex = 0; path = ExerciseUITests.xctest; sourceTree = BUILT_PRODUCTS_DIR; };
		352811D0288CB08900CB9265 /* ExerciseUITests.swift */ = {isa = PBXFileReference; lastKnownFileType = sourcecode.swift; path = ExerciseUITests.swift; sourceTree = "<group>"; };
		352811D2288CB08900CB9265 /* ExerciseUITestsLaunchTests.swift */ = {isa = PBXFileReference; lastKnownFileType = sourcecode.swift; path = ExerciseUITestsLaunchTests.swift; sourceTree = "<group>"; };
/* End PBXFileReference section */

/* Begin PBXFrameworksBuildPhase section */
		352811A9288CB08600CB9265 /* Frameworks */ = {
			isa = PBXFrameworksBuildPhase;
			buildActionMask = 2147483647;
			files = (
			);
			runOnlyForDeploymentPostprocessing = 0;
		};
		352811BF288CB08900CB9265 /* Frameworks */ = {
			isa = PBXFrameworksBuildPhase;
			buildActionMask = 2147483647;
			files = (
			);
			runOnlyForDeploymentPostprocessing = 0;
		};
		352811C9288CB08900CB9265 /* Frameworks */ = {
			isa = PBXFrameworksBuildPhase;
			buildActionMask = 2147483647;
			files = (
			);
			runOnlyForDeploymentPostprocessing = 0;
		};
/* End PBXFrameworksBuildPhase section */

/* Begin PBXGroup section */
		352811A3288CB08600CB9265 = {
			isa = PBXGroup;
			children = (
				352811AE288CB08600CB9265 /* Exercise */,
				352811C5288CB08900CB9265 /* ExerciseTests */,
				352811CF288CB08900CB9265 /* ExerciseUITests */,
				352811AD288CB08600CB9265 /* Products */,
			);
			sourceTree = "<group>";
		};
		352811AD288CB08600CB9265 /* Products */ = {
			isa = PBXGroup;
			children = (
				352811AC288CB08600CB9265 /* Exercise.app */,
				352811C2288CB08900CB9265 /* ExerciseTests.xctest */,
				352811CC288CB08900CB9265 /* ExerciseUITests.xctest */,
			);
			name = Products;
			sourceTree = "<group>";
		};
		352811AE288CB08600CB9265 /* Exercise */ = {
			isa = PBXGroup;
			children = (
				352811AF288CB08600CB9265 /* AppDelegate.swift */,
				352811B1288CB08600CB9265 /* SceneDelegate.swift */,
				352811B3288CB08600CB9265 /* ViewController.swift */,
				352811B5288CB08600CB9265 /* Main.storyboard */,
				352811B8288CB08800CB9265 /* Assets.xcassets */,
				352811BA288CB08800CB9265 /* LaunchScreen.storyboard */,
				352811BD288CB08800CB9265 /* Info.plist */,
			);
			path = Exercise;
			sourceTree = "<group>";
		};
		352811C5288CB08900CB9265 /* ExerciseTests */ = {
			isa = PBXGroup;
			children = (
				352811C6288CB08900CB9265 /* ExerciseTests.swift */,
			);
			path = ExerciseTests;
			sourceTree = "<group>";
		};
		352811CF288CB08900CB9265 /* ExerciseUITests */ = {
			isa = PBXGroup;
			children = (
				352811D0288CB08900CB9265 /* ExerciseUITests.swift */,
				352811D2288CB08900CB9265 /* ExerciseUITestsLaunchTests.swift */,
			);
			path = ExerciseUITests;
			sourceTree = "<group>";
		};
/* End PBXGroup section */

/* Begin PBXNativeTarget section */
		352811AB288CB08600CB9265 /* Exercise */ = {
			isa = PBXNativeTarget;
			buildConfigurationList = 352811D6288CB08900CB9265 /* Build configuration list for PBXNativeTarget "Exercise" */;
			buildPhases = (
				352811A8288CB08600CB9265 /* Sources */,
				352811A9288CB08600CB9265 /* Frameworks */,
				352811AA288CB08600CB9265 /* Resources */,
			);
			buildRules = (
			);
			dependencies = (
			);
			name = Exercise;
			productName = Exercise;
			productReference = 352811AC288CB08600CB9265 /* Exercise.app */;
			productType = "com.apple.product-type.application";
		};
		352811C1288CB08900CB9265 /* ExerciseTests */ = {
			isa = PBXNativeTarget;
			buildConfigurationList = 352811D9288CB08900CB9265 /* Build configuration list for PBXNativeTarget "ExerciseTests" */;
			buildPhases = (
				352811BE288CB08900CB9265 /* Sources */,
				352811BF288CB08900CB9265 /* Frameworks */,
				352811C0288CB08900CB9265 /* Resources */,
			);
			buildRules = (
			);
			dependencies = (
				352811C4288CB08900CB9265 /* PBXTargetDependency */,
			);
			name = ExerciseTests;
			productName = ExerciseTests;
			productReference = 352811C2288CB08900CB9265 /* ExerciseTests.xctest */;
			productType = "com.apple.product-type.bundle.unit-test";
		};
		352811CB288CB08900CB9265 /* ExerciseUITests */ = {
			isa = PBXNativeTarget;
			buildConfigurationList = 352811DC288CB08900CB9265 /* Build configuration list for PBXNativeTarget "ExerciseUITests" */;
			buildPhases = (
				352811C8288CB08900CB9265 /* Sources */,
				352811C9288CB08900CB9265 /* Frameworks */,
				352811CA288CB08900CB9265 /* Resources */,
			);
			buildRules = (
			);
			dependencies = (
				352811CE288CB08900CB9265 /* PBXTargetDependency */,
			);
			name = ExerciseUITests;
			productName = ExerciseUITests;
			productReference = 352811CC288CB08900CB9265 /* ExerciseUITests.xctest */;
			productType = "com.apple.product-type.bundle.ui-testing";
		};
/* End PBXNativeTarget section */

/* Begin PBXProject section */
		352811A4288CB08600CB9265 /* Project object */ = {
			isa = PBXProject;
			attributes = {
				BuildIndependentTargetsInParallel = 1;
				LastSwiftUpdateCheck = 1340;
				LastUpgradeCheck = 1340;
				TargetAttributes = {
					352811AB288CB08600CB9265 = {
						CreatedOnToolsVersion = 13.4.1;
					};
					352811C1288CB08900CB9265 = {
						CreatedOnToolsVersion = 13.4.1;
						TestTargetID = 352811AB288CB08600CB9265;
					};
					352811CB288CB08900CB9265 = {
						CreatedOnToolsVersion = 13.4.1;
						TestTargetID = 352811AB288CB08600CB9265;
					};
				};
			};
			buildConfigurationList = 352811A7288CB08600CB9265 /* Build configuration list for PBXProject "Exercise" */;
			compatibilityVersion = "Xcode 13.0";
			developmentRegion = en;
			hasScannedForEncodings = 0;
			knownRegions = (
				en,
				Base,
			);
			mainGroup = 352811A3288CB08600CB9265;
			productRefGroup = 352811AD288CB08600CB9265 /* Products */;
			projectDirPath = "";
			projectRoot = "";
			targets = (
				352811AB288CB08600CB9265 /* Exercise */,
				352811C1288CB08900CB9265 /* ExerciseTests */,
				352811CB288CB08900CB9265 /* ExerciseUITests */,
			);
		};
/* End PBXProject section */

/* Begin PBXResourcesBuildPhase section */
		352811AA288CB08600CB9265 /* Resources */ = {
			isa = PBXResourcesBuildPhase;
			buildActionMask = 2147483647;
			files = (
				352811BC288CB08800CB9265 /* LaunchScreen.storyboard in Resources */,
				352811B9288CB08800CB9265 /* Assets.xcassets in Resources */,
				352811B7288CB08600CB9265 /* Main.storyboard in Resources */,
			);
			runOnlyForDeploymentPostprocessing = 0;
		};
		352811C0288CB08900CB9265 /* Resources */ = {
			isa = PBXResourcesBuildPhase;
			buildActionMask = 2147483647;
			files = (
			);
			runOnlyForDeploymentPostprocessing = 0;
		};
		352811CA288CB08900CB9265 /* Resources */ = {
			isa = PBXResourcesBuildPhase;
			buildActionMask = 2147483647;
			files = (
			);
			runOnlyForDeploymentPostprocessing = 0;
		};
/* End PBXResourcesBuildPhase section */

/* Begin PBXSourcesBuildPhase section */
		352811A8288CB08600CB9265 /* Sources */ = {
			isa = PBXSourcesBuildPhase;
			buildActionMask = 2147483647;
			files = (
				352811B4288CB08600CB9265 /* ViewController.swift in Sources */,
				352811B0288CB08600CB9265 /* AppDelegate.swift in Sources */,
				352811B2288CB08600CB9265 /* SceneDelegate.swift in Sources */,
			);
			runOnlyForDeploymentPostprocessing = 0;
		};
		352811BE288CB08900CB9265 /* Sources */ = {
			isa = PBXSourcesBuildPhase;
			buildActionMask = 2147483647;
			files = (
				352811C7288CB08900CB9265 /* ExerciseTests.swift in Sources */,
			);
			runOnlyForDeploymentPostprocessing = 0;
		};
		352811C8288CB08900CB9265 /* Sources */ = {
			isa = PBXSourcesBuildPhase;
			buildActionMask = 2147483647;
			files = (
				352811D3288CB08900CB9265 /* ExerciseUITestsLaunchTests.swift in Sources */,
				352811D1288CB08900CB9265 /* ExerciseUITests.swift in Sources */,
			);
			runOnlyForDeploymentPostprocessing = 0;
		};
/* End PBXSourcesBuildPhase section */

/* Begin PBXTargetDependency section */
		352811C4288CB08900CB9265 /* PBXTargetDependency */ = {
			isa = PBXTargetDependency;
			target = 352811AB288CB08600CB9265 /* Exercise */;
			targetProxy = 352811C3288CB08900CB9265 /* PBXContainerItemProxy */;
		};
		352811CE288CB08900CB9265 /* PBXTargetDependency */ = {
			isa = PBXTargetDependency;
			target = 352811AB288CB08600CB9265 /* Exercise */;
			targetProxy = 352811CD288CB08900CB9265 /* PBXContainerItemProxy */;
		};
/* End PBXTargetDependency section */

/* Begin PBXVariantGroup section */
		352811B5288CB08600CB9265 /* Main.storyboard */ = {
			isa = PBXVariantGroup;
			children = (
				352811B6288CB08600CB9265 /* Base */,
			);
			name = Main.storyboard;
			sourceTree = "<group>";
		};
		352811BA288CB08800CB9265 /* LaunchScreen.storyboard */ = {
			isa = PBXVariantGroup;
			children = (
				352811BB288CB08800CB9265 /* Base */,
			);
			name = LaunchScreen.storyboard;
			sourceTree = "<group>";
		};
/* End PBXVariantGroup section */

/* Begin XCBuildConfiguration section */
		352811D4288CB08900CB9265 /* Debug */ = {
			isa = XCBuildConfiguration;
			buildSettings = {
				ALWAYS_SEARCH_USER_PATHS = NO;
				CLANG_ANALYZER_NONNULL = YES;
				CLANG_ANALYZER_NUMBER_OBJECT_CONVERSION = YES_AGGRESSIVE;
				CLANG_CXX_LANGUAGE_STANDARD = "gnu++17";
				CLANG_ENABLE_MODULES = YES;
				CLANG_ENABLE_OBJC_ARC = YES;
				CLANG_ENABLE_OBJC_WEAK = YES;
				CLANG_WARN_BLOCK_CAPTURE_AUTORELEASING = YES;
				CLANG_WARN_BOOL_CONVERSION = YES;
				CLANG_WARN_COMMA = YES;
				CLANG_WARN_CONSTANT_CONVERSION = YES;
				CLANG_WARN_DEPRECATED_OBJC_IMPLEMENTATIONS = YES;
				CLANG_WARN_DIRECT_OBJC_ISA_USAGE = YES_ERROR;
				CLANG_WARN_DOCUMENTATION_COMMENTS = YES;
				CLANG_WARN_EMPTY_BODY = YES;
				CLANG_WARN_ENUM_CONVERSION = YES;
				CLANG_WARN_INFINITE_RECURSION = YES;
				CLANG_WARN_INT_CONVERSION = YES;
				CLANG_WARN_NON_LITERAL_NULL_CONVERSION = YES;
				CLANG_WARN_OBJC_IMPLICIT_RETAIN_SELF = YES;
				CLANG_WARN_OBJC_LITERAL_CONVERSION = YES;
				CLANG_WARN_OBJC_ROOT_CLASS = YES_ERROR;
				CLANG_WARN_QUOTED_INCLUDE_IN_FRAMEWORK_HEADER = YES;
				CLANG_WARN_RANGE_LOOP_ANALYSIS = YES;
				CLANG_WARN_STRICT_PROTOTYPES = YES;
				CLANG_WARN_SUSPICIOUS_MOVE = YES;
				CLANG_WARN_UNGUARDED_AVAILABILITY = YES_AGGRESSIVE;
				CLANG_WARN_UNREACHABLE_CODE = YES;
				CLANG_WARN__DUPLICATE_METHOD_MATCH = YES;
				COPY_PHASE_STRIP = NO;
				DEBUG_INFORMATION_FORMAT = dwarf;
				ENABLE_STRICT_OBJC_MSGSEND = YES;
				ENABLE_TESTABILITY = YES;
				GCC_C_LANGUAGE_STANDARD = gnu11;
				GCC_DYNAMIC_NO_PIC = NO;
				GCC_NO_COMMON_BLOCKS = YES;
				GCC_OPTIMIZATION_LEVEL = 0;
				GCC_PREPROCESSOR_DEFINITIONS = (
					"DEBUG=1",
					"$(inherited)",
				);
				GCC_WARN_64_TO_32_BIT_CONVERSION = YES;
				GCC_WARN_ABOUT_RETURN_TYPE = YES_ERROR;
				GCC_WARN_UNDECLARED_SELECTOR = YES;
				GCC_WARN_UNINITIALIZED_AUTOS = YES_AGGRESSIVE;
				GCC_WARN_UNUSED_FUNCTION = YES;
				GCC_WARN_UNUSED_VARIABLE = YES;
				IPHONEOS_DEPLOYMENT_TARGET = 15.5;
				MTL_ENABLE_DEBUG_INFO = INCLUDE_SOURCE;
				MTL_FAST_MATH = YES;
				ONLY_ACTIVE_ARCH = YES;
				SDKROOT = iphoneos;
				SWIFT_ACTIVE_COMPILATION_CONDITIONS = DEBUG;
				SWIFT_OPTIMIZATION_LEVEL = "-Onone";
			};
			name = Debug;
		};
		352811D5288CB08900CB9265 /* Release */ = {
			isa = XCBuildConfiguration;
			buildSettings = {
				ALWAYS_SEARCH_USER_PATHS = NO;
				CLANG_ANALYZER_NONNULL = YES;
				CLANG_ANALYZER_NUMBER_OBJECT_CONVERSION = YES_AGGRESSIVE;
				CLANG_CXX_LANGUAGE_STANDARD = "gnu++17";
				CLANG_ENABLE_MODULES = YES;
				CLANG_ENABLE_OBJC_ARC = YES;
				CLANG_ENABLE_OBJC_WEAK = YES;
				CLANG_WARN_BLOCK_CAPTURE_AUTORELEASING = YES;
				CLANG_WARN_BOOL_CONVERSION = YES;
				CLANG_WARN_COMMA = YES;
				CLANG_WARN_CONSTANT_CONVERSION = YES;
				CLANG_WARN_DEPRECATED_OBJC_IMPLEMENTATIONS = YES;
				CLANG_WARN_DIRECT_OBJC_ISA_USAGE = YES_ERROR;
				CLANG_WARN_DOCUMENTATION_COMMENTS = YES;
				CLANG_WARN_EMPTY_BODY = YES;
				CLANG_WARN_ENUM_CONVERSION = YES;
				CLANG_WARN_INFINITE_RECURSION = YES;
				CLANG_WARN_INT_CONVERSION = YES;
				CLANG_WARN_NON_LITERAL_NULL_CONVERSION = YES;
				CLANG_WARN_OBJC_IMPLICIT_RETAIN_SELF = YES;
				CLANG_WARN_OBJC_LITERAL_CONVERSION = YES;
				CLANG_WARN_OBJC_ROOT_CLASS = YES_ERROR;
				CLANG_WARN_QUOTED_INCLUDE_IN_FRAMEWORK_HEADER = YES;
				CLANG_WARN_RANGE_LOOP_ANALYSIS = YES;
				CLANG_WARN_STRICT_PROTOTYPES = YES;
				CLANG_WARN_SUSPICIOUS_MOVE = YES;
				CLANG_WARN_UNGUARDED_AVAILABILITY = YES_AGGRESSIVE;
				CLANG_WARN_UNREACHABLE_CODE = YES;
				CLANG_WARN__DUPLICATE_METHOD_MATCH = YES;
				COPY_PHASE_STRIP = NO;
				DEBUG_INFORMATION_FORMAT = "dwarf-with-dsym";
				ENABLE_NS_ASSERTIONS = NO;
				ENABLE_STRICT_OBJC_MSGSEND = YES;
				GCC_C_LANGUAGE_STANDARD = gnu11;
				GCC_NO_COMMON_BLOCKS = YES;
				GCC_WARN_64_TO_32_BIT_CONVERSION = YES;
				GCC_WARN_ABOUT_RETURN_TYPE = YES_ERROR;
				GCC_WARN_UNDECLARED_SELECTOR = YES;
				GCC_WARN_UNINITIALIZED_AUTOS = YES_AGGRESSIVE;
				GCC_WARN_UNUSED_FUNCTION = YES;
				GCC_WARN_UNUSED_VARIABLE = YES;
				IPHONEOS_DEPLOYMENT_TARGET = 15.5;
				MTL_ENABLE_DEBUG_INFO = NO;
				MTL_FAST_MATH = YES;
				SDKROOT = iphoneos;
				SWIFT_COMPILATION_MODE = wholemodule;
				SWIFT_OPTIMIZATION_LEVEL = "-O";
				VALIDATE_PRODUCT = YES;
			};
			name = Release;
		};
		352811D7288CB08900CB9265 /* Debug */ = {
			isa = XCBuildConfiguration;
			buildSettings = {
				ASSETCATALOG_COMPILER_APPICON_NAME = AppIcon;
				ASSETCATALOG_COMPILER_GLOBAL_ACCENT_COLOR_NAME = AccentColor;
				CODE_SIGN_STYLE = Automatic;
				CURRENT_PROJECT_VERSION = 1;
				GENERATE_INFOPLIST_FILE = YES;
				INFOPLIST_FILE = Exercise/Info.plist;
				INFOPLIST_KEY_UIApplicationSupportsIndirectInputEvents = YES;
				INFOPLIST_KEY_UILaunchStoryboardName = LaunchScreen;
				INFOPLIST_KEY_UIMainStoryboardFile = Main;
				INFOPLIST_KEY_UISupportedInterfaceOrientations_iPad = "UIInterfaceOrientationPortrait UIInterfaceOrientationPortraitUpsideDown UIInterfaceOrientationLandscapeLeft UIInterfaceOrientationLandscapeRight";
				INFOPLIST_KEY_UISupportedInterfaceOrientations_iPhone = "UIInterfaceOrientationPortrait UIInterfaceOrientationLandscapeLeft UIInterfaceOrientationLandscapeRight";
				LD_RUNPATH_SEARCH_PATHS = (
					"$(inherited)",
					"@executable_path/Frameworks",
				);
				MARKETING_VERSION = 1.0;
				PRODUCT_BUNDLE_IDENTIFIER = com.GeDingInPerson.Exercise;
				PRODUCT_NAME = "$(TARGET_NAME)";
				SWIFT_EMIT_LOC_STRINGS = YES;
				SWIFT_VERSION = 5.0;
				TARGETED_DEVICE_FAMILY = "1,2";
			};
			name = Debug;
		};
		352811D8288CB08900CB9265 /* Release */ = {
			isa = XCBuildConfiguration;
			buildSettings = {
				ASSETCATALOG_COMPILER_APPICON_NAME = AppIcon;
				ASSETCATALOG_COMPILER_GLOBAL_ACCENT_COLOR_NAME = AccentColor;
				CODE_SIGN_STYLE = Automatic;
				CURRENT_PROJECT_VERSION = 1;
				GENERATE_INFOPLIST_FILE = YES;
				INFOPLIST_FILE = Exercise/Info.plist;
				INFOPLIST_KEY_UIApplicationSupportsIndirectInputEvents = YES;
				INFOPLIST_KEY_UILaunchStoryboardName = LaunchScreen;
				INFOPLIST_KEY_UIMainStoryboardFile = Main;
				INFOPLIST_KEY_UISupportedInterfaceOrientations_iPad = "UIInterfaceOrientationPortrait UIInterfaceOrientationPortraitUpsideDown UIInterfaceOrientationLandscapeLeft UIInterfaceOrientationLandscapeRight";
				INFOPLIST_KEY_UISupportedInterfaceOrientations_iPhone = "UIInterfaceOrientationPortrait UIInterfaceOrientationLandscapeLeft UIInterfaceOrientationLandscapeRight";
				LD_RUNPATH_SEARCH_PATHS = (
					"$(inherited)",
					"@executable_path/Frameworks",
				);
				MARKETING_VERSION = 1.0;
				PRODUCT_BUNDLE_IDENTIFIER = com.GeDingInPerson.Exercise;
				PRODUCT_NAME = "$(TARGET_NAME)";
				SWIFT_EMIT_LOC_STRINGS = YES;
				SWIFT_VERSION = 5.0;
				TARGETED_DEVICE_FAMILY = "1,2";
			};
			name = Release;
		};
		352811DA288CB08900CB9265 /* Debug */ = {
			isa = XCBuildConfiguration;
			buildSettings = {
				ALWAYS_EMBED_SWIFT_STANDARD_LIBRARIES = YES;
				BUNDLE_LOADER = "$(TEST_HOST)";
				CODE_SIGN_STYLE = Automatic;
				CURRENT_PROJECT_VERSION = 1;
				GENERATE_INFOPLIST_FILE = YES;
				IPHONEOS_DEPLOYMENT_TARGET = 15.5;
				MARKETING_VERSION = 1.0;
				PRODUCT_BUNDLE_IDENTIFIER = com.GeDingInPerson.ExerciseTests;
				PRODUCT_NAME = "$(TARGET_NAME)";
				SWIFT_EMIT_LOC_STRINGS = NO;
				SWIFT_VERSION = 5.0;
				TARGETED_DEVICE_FAMILY = "1,2";
				TEST_HOST = "$(BUILT_PRODUCTS_DIR)/Exercise.app/Exercise";
			};
			name = Debug;
		};
		352811DB288CB08900CB9265 /* Release */ = {
			isa = XCBuildConfiguration;
			buildSettings = {
				ALWAYS_EMBED_SWIFT_STANDARD_LIBRARIES = YES;
				BUNDLE_LOADER = "$(TEST_HOST)";
				CODE_SIGN_STYLE = Automatic;
				CURRENT_PROJECT_VERSION = 1;
				GENERATE_INFOPLIST_FILE = YES;
				IPHONEOS_DEPLOYMENT_TARGET = 15.5;
				MARKETING_VERSION = 1.0;
				PRODUCT_BUNDLE_IDENTIFIER = com.GeDingInPerson.ExerciseTests;
				PRODUCT_NAME = "$(TARGET_NAME)";
				SWIFT_EMIT_LOC_STRINGS = NO;
				SWIFT_VERSION = 5.0;
				TARGETED_DEVICE_FAMILY = "1,2";
				TEST_HOST = "$(BUILT_PRODUCTS_DIR)/Exercise.app/Exercise";
			};
			name = Release;
		};
		352811DD288CB08900CB9265 /* Debug */ = {
			isa = XCBuildConfiguration;
			buildSettings = {
				ALWAYS_EMBED_SWIFT_STANDARD_LIBRARIES = YES;
				CODE_SIGN_STYLE = Automatic;
				CURRENT_PROJECT_VERSION = 1;
				GENERATE_INFOPLIST_FILE = YES;
				MARKETING_VERSION = 1.0;
				PRODUCT_BUNDLE_IDENTIFIER = com.GeDingInPerson.ExerciseUITests;
				PRODUCT_NAME = "$(TARGET_NAME)";
				SWIFT_EMIT_LOC_STRINGS = NO;
				SWIFT_VERSION = 5.0;
				TARGETED_DEVICE_FAMILY = "1,2";
				TEST_TARGET_NAME = Exercise;
			};
			name = Debug;
		};
		352811DE288CB08900CB9265 /* Release */ = {
			isa = XCBuildConfiguration;
			buildSettings = {
				ALWAYS_EMBED_SWIFT_STANDARD_LIBRARIES = YES;
				CODE_SIGN_STYLE = Automatic;
				CURRENT_PROJECT_VERSION = 1;
				GENERATE_INFOPLIST_FILE = YES;
				MARKETING_VERSION = 1.0;
				PRODUCT_BUNDLE_IDENTIFIER = com.GeDingInPerson.ExerciseUITests;
				PRODUCT_NAME = "$(TARGET_NAME)";
				SWIFT_EMIT_LOC_STRINGS = NO;
				SWIFT_VERSION = 5.0;
				TARGETED_DEVICE_FAMILY = "1,2";
				TEST_TARGET_NAME = Exercise;
			};
			name = Release;
		};
/* End XCBuildConfiguration section */

/* Begin XCConfigurationList section */
		352811A7288CB08600CB9265 /* Build configuration list for PBXProject "Exercise" */ = {
			isa = XCConfigurationList;
			buildConfigurations = (
				352811D4288CB08900CB9265 /* Debug */,
				352811D5288CB08900CB9265 /* Release */,
			);
			defaultConfigurationIsVisible = 0;
			defaultConfigurationName = Release;
		};
		352811D6288CB08900CB9265 /* Build configuration list for PBXNativeTarget "Exercise" */ = {
			isa = XCConfigurationList;
			buildConfigurations = (
				352811D7288CB08900CB9265 /* Debug */,
				352811D8288CB08900CB9265 /* Release */,
			);
			defaultConfigurationIsVisible = 0;
			defaultConfigurationName = Release;
		};
		352811D9288CB08900CB9265 /* Build configuration list for PBXNativeTarget "ExerciseTests" */ = {
			isa = XCConfigurationList;
			buildConfigurations = (
				352811DA288CB08900CB9265 /* Debug */,
				352811DB288CB08900CB9265 /* Release */,
			);
			defaultConfigurationIsVisible = 0;
			defaultConfigurationName = Release;
		};
		352811DC288CB08900CB9265 /* Build configuration list for PBXNativeTarget "ExerciseUITests" */ = {
			isa = XCConfigurationList;
			buildConfigurations = (
				352811DD288CB08900CB9265 /* Debug */,
				352811DE288CB08900CB9265 /* Release */,
			);
			defaultConfigurationIsVisible = 0;
			defaultConfigurationName = Release;
		};
/* End XCConfigurationList section */
	};
	rootObject = 352811A4288CB08600CB9265 /* Project object */;
}
